{
  "name": "rsocket-demo",
  "version": "0.0.1",
  "lockfileVersion": 1,
  "requires": true,
  "dependencies": {
    "asap": {
      "version": "2.0.6",
      "resolved": "https://registry.npmjs.org/asap/-/asap-2.0.6.tgz",
      "integrity": "sha1-5QNHYR1+aQlDIIu9r+vLwvuGbUY="
    },
    "async-limiter": {
      "version": "1.0.1",
      "resolved": "https://registry.npmjs.org/async-limiter/-/async-limiter-1.0.1.tgz",
      "integrity": "sha512-csOlWGAcRFJaI6m+F2WKdnMKr4HhdhFVBk0H/QbJFMCr+uO2kwohwXQPxw/9OCxp05r5ghVBFSyioixx3gfkNQ=="
    },
    "base64-js": {
      "version": "1.3.1",
      "resolved": "https://registry.npmjs.org/base64-js/-/base64-js-1.3.1.tgz",
      "integrity": "sha512-mLQ4i2QO1ytvGWFWmcngKO//JXAQueZvwEKtjgQFM4jIK0kU+ytMfplL8j+n5mspOfjHwoAg+9yhb7BwAHm36g=="
    },
    "buffer": {
      "version": "5.4.3",
      "resolved": "https://registry.npmjs.org/buffer/-/buffer-5.4.3.tgz",
      "integrity": "sha512-zvj65TkFeIt3i6aj5bIvJDzjjQQGs4o/sNoezg1F1kYap9Nu2jcUdpwzRSJTHMMzG0H7bZkn4rNQpImhuxWX2A==",
      "requires": {
        "base64-js": "^1.0.2",
        "ieee754": "^1.1.4"
      }
    },
    "core-js": {
      "version": "1.2.7",
      "resolved": "https://registry.npmjs.org/core-js/-/core-js-1.2.7.tgz",
      "integrity": "sha1-ZSKUwUZR2yj6k70tX/KYOk8IxjY="
    },
    "encoding": {
      "version": "0.1.12",
      "resolved": "https://registry.npmjs.org/encoding/-/encoding-0.1.12.tgz",
      "integrity": "sha1-U4tm8+5izRq1HsMjgp0flIDHS+s=",
      "requires": {
        "iconv-lite": "~0.4.13"
      }
    },
    "fbjs": {
      "version": "0.8.17",
      "resolved": "https://registry.npmjs.org/fbjs/-/fbjs-0.8.17.tgz",
      "integrity": "sha1-xNWY6taUkRJlPWWIsBpc3Nn5D90=",
      "requires": {
        "core-js": "^1.0.0",
        "isomorphic-fetch": "^2.1.1",
        "loose-envify": "^1.0.0",
        "object-assign": "^4.1.0",
        "promise": "^7.1.1",
        "setimmediate": "^1.0.5",
        "ua-parser-js": "^0.7.18"
      }
    },
    "iconv-lite": {
      "version": "0.4.24",
      "resolved": "https://registry.npmjs.org/iconv-lite/-/iconv-lite-0.4.24.tgz",
      "integrity": "sha512-v3MXnZAcvnywkTUEZomIActle7RXXeedOR31wwl7VlyoXO4Qi9arvSenNQWne1TcRwhCL1HwLI21bEqdpj8/rA==",
      "requires": {
        "safer-buffer": ">= 2.1.2 < 3"
      }
    },
    "ieee754": {
      "version": "1.1.13",
      "resolved": "https://registry.npmjs.org/ieee754/-/ieee754-1.1.13.tgz",
      "integrity": "sha512-4vf7I2LYV/HaWerSo3XmlMkp5eZ83i+/CDluXi/IGTs/O1sejBNhTtnxzmRZfvOUqj7lZjqHkeTvpgSFDlWZTg=="
    },
    "is-stream": {
      "version": "1.1.0",
      "resolved": "https://registry.npmjs.org/is-stream/-/is-stream-1.1.0.tgz",
      "integrity": "sha1-EtSj3U5o4Lec6428hBc66A2RykQ="
    },
    "isomorphic-fetch": {
      "version": "2.2.1",
      "resolved": "https://registry.npmjs.org/isomorphic-fetch/-/isomorphic-fetch-2.2.1.tgz",
      "integrity": "sha1-YRrhrPFPXoH3KVB0coGf6XM1WKk=",
      "requires": {
        "node-fetch": "^1.0.1",
        "whatwg-fetch": ">=0.10.0"
      }
    },
    "js-tokens": {
      "version": "4.0.0",
      "resolved": "https://registry.npmjs.org/js-tokens/-/js-tokens-4.0.0.tgz",
      "integrity": "sha512-RdJUflcE3cUzKiMqQgsCu06FPu9UdIJO0beYbPhHN4k6apgJtifcoCtT9bcxOpYBtpD2kCM6Sbzg4CausW/PKQ=="
    },
    "loose-envify": {
      "version": "1.4.0",
      "resolved": "https://registry.npmjs.org/loose-envify/-/loose-envify-1.4.0.tgz",
      "integrity": "sha512-lyuxPGr/Wfhrlem2CL/UcnUc1zcqKAImBDzukY7Y5F/yQiNdko6+fRLevlw1HgMySw7f611UIY408EtxRSoK3Q==",
      "requires": {
        "js-tokens": "^3.0.0 || ^4.0.0"
      }
    },
    "node-fetch": {
      "version": "1.7.3",
      "resolved": "https://registry.npmjs.org/node-fetch/-/node-fetch-1.7.3.tgz",
      "integrity": "sha512-NhZ4CsKx7cYm2vSrBAr2PvFOe6sWDf0UYLRqA6svUYg7+/TSfVAu49jYC4BvQ4Sms9SZgdqGBgroqfDhJdTyKQ==",
      "requires": {
        "encoding": "^0.1.11",
        "is-stream": "^1.0.1"
      }
    },
    "object-assign": {
      "version": "4.1.1",
      "resolved": "https://registry.npmjs.org/object-assign/-/object-assign-4.1.1.tgz",
      "integrity": "sha1-IQmtx5ZYh8/AXLvUQsrIv7s2CGM="
    },
    "promise": {
      "version": "7.3.1",
      "resolved": "https://registry.npmjs.org/promise/-/promise-7.3.1.tgz",
      "integrity": "sha512-nolQXZ/4L+bP/UGlkfaIujX9BKxGwmQ9OT4mOt5yvy8iK1h3wqTEJCijzGANTCCl9nWjY41juyAn2K3Q1hLLTg==",
      "requires": {
        "asap": "~2.0.3"
      }
    },
    "rsocket-core": {
      "version": "0.0.10",
      "resolved": "https://registry.npmjs.org/rsocket-core/-/rsocket-core-0.0.10.tgz",
      "integrity": "sha512-u7PolLWw2yP2l/xLUegfr0YhfYorbw+gk98QeKSb8c8Qe+1/jTuwgKI/hfFvkHkx9ByrX8FFNv64EsPDcbcfvA==",
      "requires": {
        "fbjs": "^0.8.12",
        "rsocket-flowable": "^0.0.10",
        "rsocket-types": "^0.0.10"
      }
    },
    "rsocket-flowable": {
      "version": "0.0.10",
      "resolved": "https://registry.npmjs.org/rsocket-flowable/-/rsocket-flowable-0.0.10.tgz",
      "integrity": "sha512-H8DWjne8atb1wtQ7cFhQV1Rq6MmRGniqaP6x8zM1avx2qt4SfyQDC9BlKRMDcwxkqt03MHz9MzYKsWfV44lUDg==",
      "requires": {
        "fbjs": "^0.8.12"
      }
    },
    "rsocket-tcp-client": {
      "version": "0.0.10",
      "resolved": "https://registry.npmjs.org/rsocket-tcp-client/-/rsocket-tcp-client-0.0.10.tgz",
      "integrity": "sha512-6axwyp/5X/8QGwOjYrfN4Ij844V5NkRp7LzzdZqtpHEDt09Vlf4aJ74VIx4vSDqlK4Hzs/8tjf/D00lFnhHhDg==",
      "requires": {
        "fbjs": "^0.8.12",
        "rsocket-core": "^0.0.10",
        "rsocket-flowable": "^0.0.10"
      }
    },
    "rsocket-tcp-server": {
      "version": "0.0.10",
      "resolved": "https://registry.npmjs.org/rsocket-tcp-server/-/rsocket-tcp-server-0.0.10.tgz",
      "integrity": "sha512-tc2VkW/fNYtkcx33UeLW47mqi+c13Nqm/3OHjPeYD9FoUCYdvytrq8P1dPy23q83/ID3tTfrKFA/GoLFSLC4fg==",
      "requires": {
        "fbjs": "^0.8.12",
        "rsocket-core": "^0.0.10",
        "rsocket-flowable": "^0.0.10",
        "rsocket-tcp-client": "^0.0.10",
        "rsocket-types": "^0.0.10"
      }
    },
    "rsocket-types": {
      "version": "0.0.10",
      "resolved": "https://registry.npmjs.org/rsocket-types/-/rsocket-types-0.0.10.tgz",
      "integrity": "sha512-EO0iSSt5AOvEysUtA0Fm0i+pNWNcPIDLPAD0kP8Tk/IwYGyr303USF+1n2H9wuLMqqBQwWSv5E/VG46TztZJdg==",
      "requires": {
        "buffer": "^5.0.6",
        "fbjs": "^0.8.12",
        "rsocket-flowable": "^0.0.10"
      }
    },
    "rsocket-websocket-client": {
      "version": "0.0.10",
      "resolved": "https://registry.npmjs.org/rsocket-websocket-client/-/rsocket-websocket-client-0.0.10.tgz",
      "integrity": "sha512-l/BTSgfhL/Cg4mCCRcYq3IP/oagWY+HJJKRWAtzOHFJs/W1/MYajmJCzdIqp5czrGnUwQ3JSLvShGeknNLwNdQ==",
      "requires": {
        "fbjs": "^0.8.12",
        "rsocket-core": "^0.0.10",
        "rsocket-flowable": "^0.0.10",
        "rsocket-types": "^0.0.10"
      }
    },
    "rsocket-websocket-server": {
      "version": "0.0.10",
      "resolved": "https://registry.npmjs.org/rsocket-websocket-server/-/rsocket-websocket-server-0.0.10.tgz",
      "integrity": "sha512-P3Ro4C0fsyUgrIOBoZ7H/NbsHKxl6eRQPhqW69/cbmejkDk7xlfqQAs4h0zLchr1tXV5E3yczD49aEpBaQQlUA==",
      "requires": {
        "fbjs": "^0.8.12",
        "rsocket-core": "^0.0.10",
        "rsocket-flowable": "^0.0.10",
        "rsocket-types": "^0.0.10",
        "ws": "^2.3.1"
      },
      "dependencies": {
        "ws": {
          "version": "2.3.1",
          "resolved": "https://registry.npmjs.org/ws/-/ws-2.3.1.tgz",
          "integrity": "sha1-a5Sz5EfLajY/eF6vlK9jWejoHIA=",
          "requires": {
            "safe-buffer": "~5.0.1",
            "ultron": "~1.1.0"
          }
        }
      }
    },
    "safe-buffer": {
      "version": "5.0.1",
      "resolved": "https://registry.npmjs.org/safe-buffer/-/safe-buffer-5.0.1.tgz",
      "integrity": "sha1-0mPKVGls2KMGtcplUekt5XkY++c="
    },
    "safer-buffer": {
      "version": "2.1.2",
      "resolved": "https://registry.npmjs.org/safer-buffer/-/safer-buffer-2.1.2.tgz",
      "integrity": "sha512-YZo3K82SD7Riyi0E1EQPojLz7kpepnSQI9IyPbHHg1XXXevb5dJI7tpyN2ADxGcQbHG7vcyRHk0cbwqcQriUtg=="
    },
    "setimmediate": {
      "version": "1.0.5",
      "resolved": "https://registry.npmjs.org/setimmediate/-/setimmediate-1.0.5.tgz",
      "integrity": "sha1-KQy7Iy4waULX1+qbg3Mqt4VvgoU="
    },
    "ua-parser-js": {
      "version": "0.7.28",
      "resolved": "https://registry.npmjs.org/ua-parser-js/-/ua-parser-js-0.7.28.tgz",
      "integrity": "sha512-6Gurc1n//gjp9eQNXjD9O3M/sMwVtN5S8Lv9bvOYBfKfDNiIIhqiyi01vMBO45u4zkDE420w/e0se7Vs+sIg+g=="
    },
    "ultron": {
      "version": "1.1.1",
      "resolved": "https://registry.npmjs.org/ultron/-/ultron-1.1.1.tgz",
      "integrity": "sha512-UIEXBNeYmKptWH6z8ZnqTeS8fV74zG0/eRU9VGkpzz+LIJNs8W/zM/L+7ctCkRrgbNnnR0xxw4bKOr0cW0N0Og=="
    },
    "whatwg-fetch": {
      "version": "3.0.0",
      "resolved": "https://registry.npmjs.org/whatwg-fetch/-/whatwg-fetch-3.0.0.tgz",
      "integrity": "sha512-9GSJUgz1D4MfyKU7KRqwOjXCXTqWdFNvEr7eUBYchQiVc744mqK/MzXPNR2WsPkmkOa4ywfg8C2n8h+13Bey1Q=="
    },
    "ws": {
      "version": "5.2.2",
      "resolved": "https://registry.npmjs.org/ws/-/ws-5.2.2.tgz",
      "integrity": "sha512-jaHFD6PFv6UgoIVda6qZllptQsMlDEJkTQcybzzXDYM1XO9Y8em691FGMPmM46WGyLU4z9KMgQN+qrux/nhlHA==",
      "requires": {
        "async-limiter": "~1.0.0"
      }
    }
  }
}
